<?xml version="1.0" encoding="utf-8"?>
<Project ToolsVersion="4.0" xmlns="http://schemas.microsoft.com/developer/msbuild/2003">
  <ItemGroup>
    <Filter Include="Source Files">
      <UniqueIdentifier>{4FC737F1-C7A5-4376-A066-2A32D752A2FF}</UniqueIdentifier>
      <Extensions>cpp;c;cc;cxx;def;odl;idl;hpj;bat;asm;asmx</Extensions>
    </Filter>
    <Filter Include="Header Files">
      <UniqueIdentifier>{93995380-89BD-4b04-88EB-625FBE52EBFB}</UniqueIdentifier>
      <Extensions>h;hh;hpp;hxx;hm;inl;inc;xsd</Extensions>
    </Filter>
    <Filter Include="Resource Files">
      <UniqueIdentifier>{67DA6AB6-F800-4c08-8B7A-83BB121AAD01}</UniqueIdentifier>
      <Extensions>rc;ico;cur;bmp;dlg;rc2;rct;bin;rgs;gif;jpg;jpeg;jpe;resx;tiff;tif;png;wav;mfcribbon-ms</Extensions>
    </Filter>
  </ItemGroup>
  <ItemGroup>
    <ClInclude Include="include\vchsm\convert_C.h">
      <Filter>Header Files</Filter>
    </ClInclude>
    <ClInclude Include="include\vchsm\C_Swift_bridge_header.h">
      <Filter>Header Files</Filter>
    </ClInclude>
    <ClInclude Include="include\vchsm\train_C.h">
      <Filter>Header Files</Filter>
    </ClInclude>
    <ClInclude Include="src\aaalsf.h">
      <Filter>Header Files</Filter>
    </ClInclude>
    <ClInclude Include="src\almostEqual.h">
      <Filter>Header Files</Filter>
    </ClInclude>
    <ClInclude Include="src\angle.h">
      <Filter>Header Files</Filter>
    </ClInclude>
    <ClInclude Include="src\automaticth2wfw.h">
      <Filter>Header Files</Filter>
    </ClInclude>
    <ClInclude Include="src\bylevdurb.h">
      <Filter>Header Files</Filter>
    </ClInclude>
    <ClInclude Include="src\bymcaquat.h">
      <Filter>Header Files</Filter>
    </ClInclude>
    <ClInclude Include="src\clustkmeans.h">
      <Filter>Header Files</Filter>
    </ClInclude>
    <ClInclude Include="src\comp_delta.h">
      <Filter>Header Files</Filter>
    </ClInclude>
    <ClInclude Include="src\concat.h">
      <Filter>Header Files</Filter>
    </ClInclude>
    <ClInclude Include="src\constants.h">
      <Filter>Header Files</Filter>
    </ClInclude>
    <ClInclude Include="src\conv.h">
      <Filter>Header Files</Filter>
    </ClInclude>
    <ClInclude Include="src\decomposephase.h">
      <Filter>Header Files</Filter>
    </ClInclude>
    <ClInclude Include="src\detalsf.h">
      <Filter>Header Files</Filter>
    </ClInclude>
    <ClInclude Include="src\DynamicTimeWarping.h">
      <Filter>Header Files</Filter>
    </ClInclude>
    <ClInclude Include="src\EigenSerialization.h">
      <Filter>Header Files</Filter>
    </ClInclude>
    <ClInclude Include="src\extractmfcc.h">
      <Filter>Header Files</Filter>
    </ClInclude>
    <ClInclude Include="src\f0analysisbyboersma.h">
      <Filter>Header Files</Filter>
    </ClInclude>
    <ClInclude Include="src\FFT.h">
      <Filter>Header Files</Filter>
    </ClInclude>
    <ClInclude Include="src\filter.h">
      <Filter>Header Files</Filter>
    </ClInclude>
    <ClInclude Include="src\find.h">
      <Filter>Header Files</Filter>
    </ClInclude>
    <ClInclude Include="src\hamming.h">
      <Filter>Header Files</Filter>
    </ClInclude>
    <ClInclude Include="src\harmonicanalysis.h">
      <Filter>Header Files</Filter>
    </ClInclude>
    <ClInclude Include="src\HSManalyze.h">
      <Filter>Header Files</Filter>
    </ClInclude>
    <ClInclude Include="src\HSManalyze_mfcc.h">
      <Filter>Header Files</Filter>
    </ClInclude>
    <ClInclude Include="src\HSMptraining.h">
      <Filter>Header Files</Filter>
    </ClInclude>
    <ClInclude Include="src\HSMsynthesize.h">
      <Filter>Header Files</Filter>
    </ClInclude>
    <ClInclude Include="src\HSMwfwconvert.h">
      <Filter>Header Files</Filter>
    </ClInclude>
    <ClInclude Include="src\linphaseterm.h">
      <Filter>Header Files</Filter>
    </ClInclude>
    <ClInclude Include="src\lsfadap.h">
      <Filter>Header Files</Filter>
    </ClInclude>
    <ClInclude Include="src\mfcc.h">
      <Filter>Header Files</Filter>
    </ClInclude>
    <ClInclude Include="src\modelSerialization.h">
      <Filter>Header Files</Filter>
    </ClInclude>
    <ClInclude Include="src\pdist2squared.h">
      <Filter>Header Files</Filter>
    </ClInclude>
    <ClInclude Include="src\PicosElement.h">
      <Filter>Header Files</Filter>
    </ClInclude>
    <ClInclude Include="src\pinv.h">
      <Filter>Header Files</Filter>
    </ClInclude>
    <ClInclude Include="src\polarityanalysis.h">
      <Filter>Header Files</Filter>
    </ClInclude>
    <ClInclude Include="src\poly.h">
      <Filter>Header Files</Filter>
    </ClInclude>
    <ClInclude Include="src\polyeval.h">
      <Filter>Header Files</Filter>
    </ClInclude>
    <ClInclude Include="src\polytseb.h">
      <Filter>Header Files</Filter>
    </ClInclude>
    <ClInclude Include="src\pow2roundup.h">
      <Filter>Header Files</Filter>
    </ClInclude>
    <ClInclude Include="src\PrepareParallelData.h">
      <Filter>Header Files</Filter>
    </ClInclude>
    <ClInclude Include="src\readWritePicosStructArray.h">
      <Filter>Header Files</Filter>
    </ClInclude>
    <ClInclude Include="src\RealTimeConverter.h">
      <Filter>Header Files</Filter>
    </ClInclude>
    <ClInclude Include="src\roots.h">
      <Filter>Header Files</Filter>
    </ClInclude>
    <ClInclude Include="src\seq.h">
      <Filter>Header Files</Filter>
    </ClInclude>
    <ClInclude Include="src\sliceByIndices.h">
      <Filter>Header Files</Filter>
    </ClInclude>
    <ClInclude Include="src\stochalsf.h">
      <Filter>Header Files</Filter>
    </ClInclude>
    <ClInclude Include="src\stochasticanalysis.h">
      <Filter>Header Files</Filter>
    </ClInclude>
    <ClInclude Include="src\StructDefinitions.h">
      <Filter>Header Files</Filter>
    </ClInclude>
    <ClInclude Include="src\sumcos.h">
      <Filter>Header Files</Filter>
    </ClInclude>
    <ClInclude Include="src\trifbank.h">
      <Filter>Header Files</Filter>
    </ClInclude>
    <ClInclude Include="src\types.h">
      <Filter>Header Files</Filter>
    </ClInclude>
    <ClInclude Include="src\vec2frames.h">
      <Filter>Header Files</Filter>
    </ClInclude>
    <ClInclude Include="src\WavHeader.h">
      <Filter>Header Files</Filter>
    </ClInclude>
    <ClInclude Include="src\WavRW.h">
      <Filter>Header Files</Filter>
    </ClInclude>
  </ItemGroup>
  <ItemGroup>
    <None Include="include\vchsm\train_C.mm" />
  </ItemGroup>
  <ItemGroup>
    <ClCompile Include="src\aaalsf.cpp">
      <Filter>Source Files</Filter>
    </ClCompile>
    <ClCompile Include="src\automaticth2wfw.cpp">
      <Filter>Source Files</Filter>
    </ClCompile>
    <ClCompile Include="src\bylevdurb.cpp">
      <Filter>Source Files</Filter>
    </ClCompile>
    <ClCompile Include="src\bymcaquat.cpp">
      <Filter>Source Files</Filter>
    </ClCompile>
    <ClCompile Include="src\clustkmeans.cpp">
      <Filter>Source Files</Filter>
    </ClCompile>
    <ClCompile Include="src\comp_delta.cpp">
      <Filter>Source Files</Filter>
    </ClCompile>
    <ClCompile Include="src\conv.cpp">
      <Filter>Source Files</Filter>
    </ClCompile>
    <ClCompile Include="src\convert_C.cpp">
      <Filter>Source Files</Filter>
    </ClCompile>
    <ClCompile Include="src\decomposephase.cpp">
      <Filter>Source Files</Filter>
    </ClCompile>
    <ClCompile Include="src\detalsf.cpp">
      <Filter>Source Files</Filter>
    </ClCompile>
    <ClCompile Include="src\DynamicTimeWarping.cpp">
      <Filter>Source Files</Filter>
    </ClCompile>
    <ClCompile Include="src\extractmfcc.cpp">
      <Filter>Source Files</Filter>
    </ClCompile>
    <ClCompile Include="src\f0analysisbyboersma.cpp">
      <Filter>Source Files</Filter>
    </ClCompile>
    <ClCompile Include="src\harmonicanalysis.cpp">
      <Filter>Source Files</Filter>
    </ClCompile>
    <ClCompile Include="src\HSManalyze.cpp">
      <Filter>Source Files</Filter>
    </ClCompile>
    <ClCompile Include="src\HSManalyze_mfcc.cpp">
      <Filter>Source Files</Filter>
    </ClCompile>
    <ClCompile Include="src\HSMptraining.cpp">
      <Filter>Source Files</Filter>
    </ClCompile>
    <ClCompile Include="src\HSMsynthesize.cpp">
      <Filter>Source Files</Filter>
    </ClCompile>
    <ClCompile Include="src\HSMwfwconvert.cpp">
      <Filter>Source Files</Filter>
    </ClCompile>
    <ClCompile Include="src\linphaseterm.cpp">
      <Filter>Source Files</Filter>
    </ClCompile>
    <ClCompile Include="src\lsfadap.cpp">
      <Filter>Source Files</Filter>
    </ClCompile>
    <ClCompile Include="src\mfcc.cpp">
      <Filter>Source Files</Filter>
    </ClCompile>
    <ClCompile Include="src\modelSerialization.cpp">
      <Filter>Source Files</Filter>
    </ClCompile>
    <ClCompile Include="src\polarityanalysis.cpp">
      <Filter>Source Files</Filter>
    </ClCompile>
    <ClCompile Include="src\polytseb.cpp">
      <Filter>Source Files</Filter>
    </ClCompile>
    <ClCompile Include="src\PrepareParallelData.cpp">
      <Filter>Source Files</Filter>
    </ClCompile>
    <ClCompile Include="src\RealTimeConverter.cpp">
      <Filter>Source Files</Filter>
    </ClCompile>
    <ClCompile Include="src\stochalsf.cpp">
      <Filter>Source Files</Filter>
    </ClCompile>
    <ClCompile Include="src\stochasticanalysis.cpp">
      <Filter>Source Files</Filter>
    </ClCompile>
    <ClCompile Include="src\sumcos.cpp">
      <Filter>Source Files</Filter>
    </ClCompile>
    <ClCompile Include="src\train_C.cpp">
      <Filter>Source Files</Filter>
    </ClCompile>
    <ClCompile Include="src\trifbank.cpp">
      <Filter>Source Files</Filter>
    </ClCompile>
    <ClCompile Include="src\vec2frames.cpp">
      <Filter>Source Files</Filter>
    </ClCompile>
    <ClCompile Include="src\WavRW.cpp">
      <Filter>Source Files</Filter>
    </ClCompile>
    <ClCompile Include="example\main.cpp">
      <Filter>Source Files</Filter>
    </ClCompile>
  </ItemGroup>
</Project>