<?xml version="1.0" encoding="utf-8"?>
<Project ToolsVersion="4.0" xmlns="http://schemas.microsoft.com/developer/msbuild/2003">
  <ItemGroup>
    <Filter Include="Source Files">
      <UniqueIdentifier>{4FC737F1-C7A5-4376-A066-2A32D752A2FF}</UniqueIdentifier>
      <Extensions>cpp;c;cc;cxx;def;odl;idl;hpj;bat;asm;asmx</Extensions>
    </Filter>
    <Filter Include="Header Files">
      <UniqueIdentifier>{93995380-89BD-4b04-88EB-625FBE52EBFB}</UniqueIdentifier>
      <Extensions>h;hh;hpp;hxx;hm;inl;inc;xsd</Extensions>
    </Filter>
    <Filter Include="Resource Files">
      <UniqueIdentifier>{67DA6AB6-F800-4c08-8B7A-83BB121AAD01}</UniqueIdentifier>
      <Extensions>rc;ico;cur;bmp;dlg;rc2;rct;bin;rgs;gif;jpg;jpeg;jpe;resx;tiff;tif;png;wav;mfcribbon-ms</Extensions>
    </Filter>
  </ItemGroup>
  <ItemGroup>
    <ClInclude Include="aaalsf.h">
      <Filter>Header Files</Filter>
    </ClInclude>
    <ClInclude Include="almostEqual.h">
      <Filter>Header Files</Filter>
    </ClInclude>
    <ClInclude Include="angle.h">
      <Filter>Header Files</Filter>
    </ClInclude>
    <ClInclude Include="automaticth2wfw.h">
      <Filter>Header Files</Filter>
    </ClInclude>
    <ClInclude Include="bylevdurb.h">
      <Filter>Header Files</Filter>
    </ClInclude>
    <ClInclude Include="bymcaquat.h">
      <Filter>Header Files</Filter>
    </ClInclude>
    <ClInclude Include="C_Swift_bridge_header.h">
      <Filter>Header Files</Filter>
    </ClInclude>
    <ClInclude Include="clustkmeans.h">
      <Filter>Header Files</Filter>
    </ClInclude>
    <ClInclude Include="comp_delta.h">
      <Filter>Header Files</Filter>
    </ClInclude>
    <ClInclude Include="concat.h">
      <Filter>Header Files</Filter>
    </ClInclude>
    <ClInclude Include="constants.h">
      <Filter>Header Files</Filter>
    </ClInclude>
    <ClInclude Include="conv.h">
      <Filter>Header Files</Filter>
    </ClInclude>
    <ClInclude Include="convert_C.h">
      <Filter>Header Files</Filter>
    </ClInclude>
    <ClInclude Include="decomposephase.h">
      <Filter>Header Files</Filter>
    </ClInclude>
    <ClInclude Include="detalsf.h">
      <Filter>Header Files</Filter>
    </ClInclude>
    <ClInclude Include="DynamicTimeWarping.h">
      <Filter>Header Files</Filter>
    </ClInclude>
    <ClInclude Include="EigenSerialization.h">
      <Filter>Header Files</Filter>
    </ClInclude>
    <ClInclude Include="extractmfcc.h">
      <Filter>Header Files</Filter>
    </ClInclude>
    <ClInclude Include="f0analysisbyboersma.h">
      <Filter>Header Files</Filter>
    </ClInclude>
    <ClInclude Include="FFT.h">
      <Filter>Header Files</Filter>
    </ClInclude>
    <ClInclude Include="filter.h">
      <Filter>Header Files</Filter>
    </ClInclude>
    <ClInclude Include="find.h">
      <Filter>Header Files</Filter>
    </ClInclude>
    <ClInclude Include="hamming.h">
      <Filter>Header Files</Filter>
    </ClInclude>
    <ClInclude Include="harmonicanalysis.h">
      <Filter>Header Files</Filter>
    </ClInclude>
    <ClInclude Include="HSManalyze.h">
      <Filter>Header Files</Filter>
    </ClInclude>
    <ClInclude Include="HSManalyze_mfcc.h">
      <Filter>Header Files</Filter>
    </ClInclude>
    <ClInclude Include="HSMptraining.h">
      <Filter>Header Files</Filter>
    </ClInclude>
    <ClInclude Include="HSMsynthesize.h">
      <Filter>Header Files</Filter>
    </ClInclude>
    <ClInclude Include="HSMwfwconvert.h">
      <Filter>Header Files</Filter>
    </ClInclude>
    <ClInclude Include="linphaseterm.h">
      <Filter>Header Files</Filter>
    </ClInclude>
    <ClInclude Include="lsfadap.h">
      <Filter>Header Files</Filter>
    </ClInclude>
    <ClInclude Include="mfcc.h">
      <Filter>Header Files</Filter>
    </ClInclude>
    <ClInclude Include="modelSerialization.h">
      <Filter>Header Files</Filter>
    </ClInclude>
    <ClInclude Include="pdist2squared.h">
      <Filter>Header Files</Filter>
    </ClInclude>
    <ClInclude Include="PicosElement.h">
      <Filter>Header Files</Filter>
    </ClInclude>
    <ClInclude Include="pinv.h">
      <Filter>Header Files</Filter>
    </ClInclude>
    <ClInclude Include="polarityanalysis.h">
      <Filter>Header Files</Filter>
    </ClInclude>
    <ClInclude Include="poly.h">
      <Filter>Header Files</Filter>
    </ClInclude>
    <ClInclude Include="polyeval.h">
      <Filter>Header Files</Filter>
    </ClInclude>
    <ClInclude Include="polytseb.h">
      <Filter>Header Files</Filter>
    </ClInclude>
    <ClInclude Include="pow2roundup.h">
      <Filter>Header Files</Filter>
    </ClInclude>
    <ClInclude Include="PrepareParallelData.h">
      <Filter>Header Files</Filter>
    </ClInclude>
    <ClInclude Include="readWritePicosStructArray.h">
      <Filter>Header Files</Filter>
    </ClInclude>
    <ClInclude Include="roots.h">
      <Filter>Header Files</Filter>
    </ClInclude>
    <ClInclude Include="seq.h">
      <Filter>Header Files</Filter>
    </ClInclude>
    <ClInclude Include="sliceByIndices.h">
      <Filter>Header Files</Filter>
    </ClInclude>
    <ClInclude Include="stochalsf.h">
      <Filter>Header Files</Filter>
    </ClInclude>
    <ClInclude Include="stochasticanalysis.h">
      <Filter>Header Files</Filter>
    </ClInclude>
    <ClInclude Include="StructDefinitions.h">
      <Filter>Header Files</Filter>
    </ClInclude>
    <ClInclude Include="sumcos.h">
      <Filter>Header Files</Filter>
    </ClInclude>
    <ClInclude Include="train_C.h">
      <Filter>Header Files</Filter>
    </ClInclude>
    <ClInclude Include="trifbank.h">
      <Filter>Header Files</Filter>
    </ClInclude>
    <ClInclude Include="types.h">
      <Filter>Header Files</Filter>
    </ClInclude>
    <ClInclude Include="vec2frames.h">
      <Filter>Header Files</Filter>
    </ClInclude>
    <ClInclude Include="WavHeader.h">
      <Filter>Header Files</Filter>
    </ClInclude>
    <ClInclude Include="WavRW.h">
      <Filter>Header Files</Filter>
    </ClInclude>
    <ClInclude Include="RealTimeConverter.h">
      <Filter>Header Files</Filter>
    </ClInclude>
  </ItemGroup>
  <ItemGroup>
    <ClCompile Include="aaalsf.cpp">
      <Filter>Source Files</Filter>
    </ClCompile>
    <ClCompile Include="automaticth2wfw.cpp">
      <Filter>Source Files</Filter>
    </ClCompile>
    <ClCompile Include="bylevdurb.cpp">
      <Filter>Source Files</Filter>
    </ClCompile>
    <ClCompile Include="bymcaquat.cpp">
      <Filter>Source Files</Filter>
    </ClCompile>
    <ClCompile Include="clustkmeans.cpp">
      <Filter>Source Files</Filter>
    </ClCompile>
    <ClCompile Include="comp_delta.cpp">
      <Filter>Source Files</Filter>
    </ClCompile>
    <ClCompile Include="conv.cpp">
      <Filter>Source Files</Filter>
    </ClCompile>
    <ClCompile Include="convert_C.cpp">
      <Filter>Source Files</Filter>
    </ClCompile>
    <ClCompile Include="decomposephase.cpp">
      <Filter>Source Files</Filter>
    </ClCompile>
    <ClCompile Include="detalsf.cpp">
      <Filter>Source Files</Filter>
    </ClCompile>
    <ClCompile Include="DynamicTimeWarping.cpp">
      <Filter>Source Files</Filter>
    </ClCompile>
    <ClCompile Include="extractmfcc.cpp">
      <Filter>Source Files</Filter>
    </ClCompile>
    <ClCompile Include="f0analysisbyboersma.cpp">
      <Filter>Source Files</Filter>
    </ClCompile>
    <ClCompile Include="harmonicanalysis.cpp">
      <Filter>Source Files</Filter>
    </ClCompile>
    <ClCompile Include="HSManalyze.cpp">
      <Filter>Source Files</Filter>
    </ClCompile>
    <ClCompile Include="HSManalyze_mfcc.cpp">
      <Filter>Source Files</Filter>
    </ClCompile>
    <ClCompile Include="HSMptraining.cpp">
      <Filter>Source Files</Filter>
    </ClCompile>
    <ClCompile Include="HSMsynthesize.cpp">
      <Filter>Source Files</Filter>
    </ClCompile>
    <ClCompile Include="HSMwfwconvert.cpp">
      <Filter>Source Files</Filter>
    </ClCompile>
    <ClCompile Include="linphaseterm.cpp">
      <Filter>Source Files</Filter>
    </ClCompile>
    <ClCompile Include="lsfadap.cpp">
      <Filter>Source Files</Filter>
    </ClCompile>
    <ClCompile Include="mfcc.cpp">
      <Filter>Source Files</Filter>
    </ClCompile>
    <ClCompile Include="modelSerialization.cpp">
      <Filter>Source Files</Filter>
    </ClCompile>
    <ClCompile Include="polarityanalysis.cpp">
      <Filter>Source Files</Filter>
    </ClCompile>
    <ClCompile Include="polytseb.cpp">
      <Filter>Source Files</Filter>
    </ClCompile>
    <ClCompile Include="PrepareParallelData.cpp">
      <Filter>Source Files</Filter>
    </ClCompile>
    <ClCompile Include="stochalsf.cpp">
      <Filter>Source Files</Filter>
    </ClCompile>
    <ClCompile Include="stochasticanalysis.cpp">
      <Filter>Source Files</Filter>
    </ClCompile>
    <ClCompile Include="sumcos.cpp">
      <Filter>Source Files</Filter>
    </ClCompile>
    <ClCompile Include="train_C.cpp">
      <Filter>Source Files</Filter>
    </ClCompile>
    <ClCompile Include="trifbank.cpp">
      <Filter>Source Files</Filter>
    </ClCompile>
    <ClCompile Include="vec2frames.cpp">
      <Filter>Source Files</Filter>
    </ClCompile>
    <ClCompile Include="WavRW.cpp">
      <Filter>Source Files</Filter>
    </ClCompile>
    <ClCompile Include="RealTimeConverter.cpp">
      <Filter>Source Files</Filter>
    </ClCompile>
  </ItemGroup>
</Project>